Microsoft Visual Studio Solution File, Format Version 12.00
# Visual Studio Version 17
VisualStudioVersion = 17.5.2.0
MinimumVisualStudioVersion = 10.0.40219.1
Project("{FAE04EC0-301F-11D3-BF4B-00C04F79EFBC}") = "vector-editor", "vector-editor.csproj", "{509FB50B-7DCA-6912-A79B-D3D2C1B665F8}"
EndProject
Global
	GlobalSection(SolutionConfigurationPlatforms) = preSolution
		Debug|Any CPU = Debug|Any CPU
		Release|Any CPU = Release|Any CPU
	EndGlobalSection
	GlobalSection(ProjectConfigurationPlatforms) = postSolution
		{509FB50B-7DCA-6912-A79B-D3D2C1B665F8}.Debug|Any CPU.ActiveCfg = Debug|Any CPU
		{509FB50B-7DCA-6912-A79B-D3D2C1B665F8}.Debug|Any CPU.Build.0 = Debug|Any CPU
		{509FB50B-7DCA-6912-A79B-D3D2C1B665F8}.Release|Any CPU.ActiveCfg = Release|Any CPU
		{509FB50B-7DCA-6912-A79B-D3D2C1B665F8}.Release|Any CPU.Build.0 = Release|Any CPU
	EndGlobalSection
	GlobalSection(SolutionProperties) = preSolution
		HideSolutionNode = FALSE
	EndGlobalSection
	GlobalSection(ExtensibilityGlobals) = postSolution
		SolutionGuid = {84905539-E7E3-439A-9D3E-322B0B9EB0B7}
	EndGlobalSection
EndGlobal
